// !$*UTF8*$!
{
	archiveVersion = 1;
	classes = {
	};
	objectVersion = 48;
	objects = {

/* Begin PBXBuildFile section */
		92DBA0D61FAD729600AEB322 /* AppDelegate.swift in Sources */ = {isa = PBXBuildFile; fileRef = 92DBA0D51FAD729600AEB322 /* AppDelegate.swift */; };
		92DBA0D81FAD729600AEB322 /* ViewController.swift in Sources */ = {isa = PBXBuildFile; fileRef = 92DBA0D71FAD729600AEB322 /* ViewController.swift */; };
		92DBA0DB1FAD729600AEB322 /* Main.storyboard in Resources */ = {isa = PBXBuildFile; fileRef = 92DBA0D91FAD729600AEB322 /* Main.storyboard */; };
		92DBA0DD1FAD729600AEB322 /* Assets.xcassets in Resources */ = {isa = PBXBuildFile; fileRef = 92DBA0DC1FAD729600AEB322 /* Assets.xcassets */; };
		92DBA0E01FAD729600AEB322 /* LaunchScreen.storyboard in Resources */ = {isa = PBXBuildFile; fileRef = 92DBA0DE1FAD729600AEB322 /* LaunchScreen.storyboard */; };
/* End PBXBuildFile section */

/* Begin PBXFileReference section */
		92DBA0D21FAD729600AEB322 /* CADisplaylinkDemo.app */ = {isa = PBXFileReference; explicitFileType = wrapper.application; includeInIndex = 0; path = CADisplaylinkDemo.app; sourceTree = BUILT_PRODUCTS_DIR; };
		92DBA0D51FAD729600AEB322 /* AppDelegate.swift */ = {isa = PBXFileReference; lastKnownFileType = sourcecode.swift; path = AppDelegate.swift; sourceTree = "<group>"; };
		92DBA0D71FAD729600AEB322 /* ViewController.swift */ = {isa = PBXFileReference; lastKnownFileType = sourcecode.swift; path = ViewController.swift; sourceTree = "<group>"; };
		92DBA0DA1FAD729600AEB322 /* Base */ = {isa = PBXFileReference; lastKnownFileType = file.storyboard; name = Base; path = Base.lproj/Main.storyboard; sourceTree = "<group>"; };
		92DBA0DC1FAD729600AEB322 /* Assets.xcassets */ = {isa = PBXFileReference; lastKnownFileType = folder.assetcatalog; path = Assets.xcassets; sourceTree = "<group>"; };
		92DBA0DF1FAD729600AEB322 /* Base */ = {isa = PBXFileReference; lastKnownFileType = file.storyboard; name = Base; path = Base.lproj/LaunchScreen.storyboard; sourceTree = "<group>"; };
		92DBA0E11FAD729600AEB322 /* Info.plist */ = {isa = PBXFileReference; lastKnownFileType = text.plist.xml; path = Info.plist; sourceTree = "<group>"; };
/* End PBXFileReference section */

/* Begin PBXFrameworksBuildPhase section */
		92DBA0CF1FAD729600AEB322 /* Frameworks */ = {
			isa = PBXFrameworksBuildPhase;
			buildActionMask = 2147483647;
			files = (
			);
			runOnlyForDeploymentPostprocessing = 0;
		};
/* End PBXFrameworksBuildPhase section */

/* Begin PBXGroup section */
		92DBA0C91FAD729600AEB322 = {
			isa = PBXGroup;
			children = (
				92DBA0D41FAD729600AEB322 /* CADisplaylinkDemo */,
				92DBA0D31FAD729600AEB322 /* Products */,
			);
			sourceTree = "<group>";
		};
		92DBA0D31FAD729600AEB322 /* Products */ = {
			isa = PBXGroup;
			children = (
				92DBA0D21FAD729600AEB322 /* CADisplaylinkDemo.app */,
			);
			name = Products;
			sourceTree = "<group>";
		};
		92DBA0D41FAD729600AEB322 /* CADisplaylinkDemo */ = {
			isa = PBXGroup;
			children = (
				92DBA0D51FAD729600AEB322 /* AppDelegate.swift */,
				92DBA0D71FAD729600AEB322 /* ViewController.swift */,
				92DBA0D91FAD729600AEB322 /* Main.storyboard */,
				92DBA0DC1FAD729600AEB322 /* Assets.xcassets */,
				92DBA0DE1FAD729600AEB322 /* LaunchScreen.storyboard */,
				92DBA0E11FAD729600AEB322 /* Info.plist */,
			);
			path = CADisplaylinkDemo;
			sourceTree = "<group>";
		};
/* End PBXGroup section */

/* Begin PBXNativeTarget section */
		92DBA0D11FAD729600AEB322 /* CADisplaylinkDemo */ = {
			isa = PBXNativeTarget;
			buildConfigurationList = 92DBA0E41FAD729600AEB322 /* Build configuration list for PBXNativeTarget "CADisplaylinkDemo" */;
			buildPhases = (
				92DBA0CE1FAD729600AEB322 /* Sources */,
				92DBA0CF1FAD729600AEB322 /* Frameworks */,
				92DBA0D01FAD729600AEB322 /* Resources */,
			);
			buildRules = (
			);
			dependencies = (
			);
			name = CADisplaylinkDemo;
			productName = CADisplaylinkDemo;
			productReference = 92DBA0D21FAD729600AEB322 /* CADisplaylinkDemo.app */;
			productType = "com.apple.product-type.application";
		};
/* End PBXNativeTarget section */

/* Begin PBXProject section */
		92DBA0CA1FAD729600AEB322 /* Project object */ = {
			isa = PBXProject;
			attributes = {
				LastSwiftUpdateCheck = 0910;
				LastUpgradeCheck = 0910;
				ORGANIZATIONNAME = sseen;
				TargetAttributes = {
					92DBA0D11FAD729600AEB322 = {
						CreatedOnToolsVersion = 9.1;
						ProvisioningStyle = Automatic;
					};
				};
			};
			buildConfigurationList = 92DBA0CD1FAD729600AEB322 /* Build configuration list for PBXProject "CADisplaylinkDemo" */;
			compatibilityVersion = "Xcode 8.0";
			developmentRegion = en;
			hasScannedForEncodings = 0;
			knownRegions = (
				en,
				Base,
			);
			mainGroup = 92DBA0C91FAD729600AEB322;
			productRefGroup = 92DBA0D31FAD729600AEB322 /* Products */;
			projectDirPath = "";
			projectRoot = "";
			targets = (
				92DBA0D11FAD729600AEB322 /* CADisplaylinkDemo */,
			);
		};
/* End PBXProject section */

/* Begin PBXResourcesBuildPhase section */
		92DBA0D01FAD729600AEB322 /* Resources */ = {
			isa = PBXResourcesBuildPhase;
			buildActionMask = 2147483647;
			files = (
				92DBA0E01FAD729600AEB322 /* LaunchScreen.storyboard in Resources */,
				92DBA0DD1FAD729600AEB322 /* Assets.xcassets in Resources */,
				92DBA0DB1FAD729600AEB322 /* Main.storyboard in Resources */,
			);
			runOnlyForDeploymentPostprocessing = 0;
		};
/* End PBXResourcesBuildPhase section */

/* Begin PBXSourcesBuildPhase section */
		92DBA0CE1FAD729600AEB322 /* Sources */ = {
			isa = PBXSourcesBuildPhase;
			buildActionMask = 2147483647;
			files = (
				92DBA0D81FAD729600AEB322 /* ViewController.swift in Sources */,
				92DBA0D61FAD729600AEB322 /* AppDelegate.swift in Sources */,
			);
			runOnlyForDeploymentPostprocessing = 0;
		};
/* End PBXSourcesBuildPhase section */

/* Begin PBXVariantGroup section */
		92DBA0D91FAD729600AEB322 /* Main.storyboard */ = {
			isa = PBXVariantGroup;
			children = (
				92DBA0DA1FAD729600AEB322 /* Base */,
			);
			name = Main.storyboard;
			sourceTree = "<group>";
		};
		92DBA0DE1FAD729600AEB322 /* LaunchScreen.storyboard */ = {
			isa = PBXVariantGroup;
			children = (
				92DBA0DF1FAD729600AEB322 /* Base */,
			);
			name = LaunchScreen.storyboard;
			sourceTree = "<group>";
		};
/* End PBXVariantGroup section */

/* Begin XCBuildConfiguration section */
		92DBA0E21FAD729600AEB322 /* Debug */ = {
			isa = XCBuildConfiguration;
			buildSettings = {
				ALWAYS_SEARCH_USER_PATHS = NO;
				CLANG_ANALYZER_NONNULL = YES;
				CLANG_ANALYZER_NUMBER_OBJECT_CONVERSION = YES_AGGRESSIVE;
				CLANG_CXX_LANGUAGE_STANDARD = "gnu++14";
				CLANG_CXX_LIBRARY = "libc++";
				CLANG_ENABLE_MODULES = YES;
				CLANG_ENABLE_OBJC_ARC = YES;
				CLANG_WARN_BLOCK_CAPTURE_AUTORELEASING = YES;
				CLANG_WARN_BOOL_CONVERSION = YES;
				CLANG_WARN_COMMA = YES;
				CLANG_WARN_CONSTANT_CONVERSION = YES;
				CLANG_WARN_DIRECT_OBJC_ISA_USAGE = YES_ERROR;
				CLANG_WARN_DOCUMENTATION_COMMENTS = YES;
				CLANG_WARN_EMPTY_BODY = YES;
				CLANG_WARN_ENUM_CONVERSION = YES;
				CLANG_WARN_INFINITE_RECURSION = YES;
				CLANG_WARN_INT_CONVERSION = YES;
				CLANG_WARN_NON_LITERAL_NULL_CONVERSION = YES;
				CLANG_WARN_OBJC_LITERAL_CONVERSION = YES;
				CLANG_WARN_OBJC_ROOT_CLASS = YES_ERROR;
				CLANG_WARN_RANGE_LOOP_ANALYSIS = YES;
				CLANG_WARN_STRICT_PROTOTYPES = YES;
				CLANG_WARN_SUSPICIOUS_MOVE = YES;
				CLANG_WARN_UNGUARDED_AVAILABILITY = YES_AGGRESSIVE;
				CLANG_WARN_UNREACHABLE_CODE = YES;
				CLANG_WARN__DUPLICATE_METHOD_MATCH = YES;
				CODE_SIGN_IDENTITY = "iPhone Developer";
				COPY_PHASE_STRIP = NO;
				DEBUG_INFORMATION_FORMAT = dwarf;
				ENABLE_STRICT_OBJC_MSGSEND = YES;
				ENABLE_TESTABILITY = YES;
				GCC_C_LANGUAGE_STANDARD = gnu11;
				GCC_DYNAMIC_NO_PIC = NO;
				GCC_NO_COMMON_BLOCKS = YES;
				GCC_OPTIMIZATION_LEVEL = 0;
				GCC_PREPROCESSOR_DEFINITIONS = (
					"DEBUG=1",
					"$(inherited)",
				);
				GCC_WARN_64_TO_32_BIT_CONVERSION = YES;
				GCC_WARN_ABOUT_RETURN_TYPE = YES_ERROR;
				GCC_WARN_UNDECLARED_SELECTOR = YES;
				GCC_WARN_UNINITIALIZED_AUTOS = YES_AGGRESSIVE;
				GCC_WARN_UNUSED_FUNCTION = YES;
				GCC_WARN_UNUSED_VARIABLE = YES;
				IPHONEOS_DEPLOYMENT_TARGET = 11.1;
				MTL_ENABLE_DEBUG_INFO = YES;
				ONLY_ACTIVE_ARCH = YES;
				SDKROOT = iphoneos;
				SWIFT_ACTIVE_COMPILATION_CONDITIONS = DEBUG;
				SWIFT_OPTIMIZATION_LEVEL = "-Onone";
			};
			name = Debug;
		};
		92DBA0E31FAD729600AEB322 /* Release */ = {
			isa = XCBuildConfiguration;
			buildSettings = {
				ALWAYS_SEARCH_USER_PATHS = NO;
				CLANG_ANALYZER_NONNULL = YES;
				CLANG_ANALYZER_NUMBER_OBJECT_CONVERSION = YES_AGGRESSIVE;
				CLANG_CXX_LANGUAGE_STANDARD = "gnu++14";
				CLANG_CXX_LIBRARY = "libc++";
				CLANG_ENABLE_MODULES = YES;
				CLANG_ENABLE_OBJC_ARC = YES;
				CLANG_WARN_BLOCK_CAPTURE_AUTORELEASING = YES;
				CLANG_WARN_BOOL_CONVERSION = YES;
				CLANG_WARN_COMMA = YES;
				CLANG_WARN_CONSTANT_CONVERSION = YES;
				CLANG_WARN_DIRECT_OBJC_ISA_USAGE = YES_ERROR;
				CLANG_WARN_DOCUMENTATION_COMMENTS = YES;
				CLANG_WARN_EMPTY_BODY = YES;
				CLANG_WARN_ENUM_CONVERSION = YES;
				CLANG_WARN_INFINITE_RECURSION = YES;
				CLANG_WARN_INT_CONVERSION = YES;
				CLANG_WARN_NON_LITERAL_NULL_CONVERSION = YES;
				CLANG_WARN_OBJC_LITERAL_CONVERSION = YES;
				CLANG_WARN_OBJC_ROOT_CLASS = YES_ERROR;
				CLANG_WARN_RANGE_LOOP_ANALYSIS = YES;
				CLANG_WARN_STRICT_PROTOTYPES = YES;
				CLANG_WARN_SUSPICIOUS_MOVE = YES;
				CLANG_WARN_UNGUARDED_AVAILABILITY = YES_AGGRESSIVE;
				CLANG_WARN_UNREACHABLE_CODE = YES;
				CLANG_WARN__DUPLICATE_METHOD_MATCH = YES;
				CODE_SIGN_IDENTITY = "iPhone Developer";
				COPY_PHASE_STRIP = NO;
				DEBUG_INFORMATION_FORMAT = "dwarf-with-dsym";
				ENABLE_NS_ASSERTIONS = NO;
				ENABLE_STRICT_OBJC_MSGSEND = YES;
				GCC_C_LANGUAGE_STANDARD = gnu11;
				GCC_NO_COMMON_BLOCKS = YES;
				GCC_WARN_64_TO_32_BIT_CONVERSION = YES;
				GCC_WARN_ABOUT_RETURN_TYPE = YES_ERROR;
				GCC_WARN_UNDECLARED_SELECTOR = YES;
				GCC_WARN_UNINITIALIZED_AUTOS = YES_AGGRESSIVE;
				GCC_WARN_UNUSED_FUNCTION = YES;
				GCC_WARN_UNUSED_VARIABLE = YES;
				IPHONEOS_DEPLOYMENT_TARGET = 11.1;
				MTL_ENABLE_DEBUG_INFO = NO;
				SDKROOT = iphoneos;
				SWIFT_OPTIMIZATION_LEVEL = "-Owholemodule";
				VALIDATE_PRODUCT = YES;
			};
			name = Release;
		};
		92DBA0E51FAD729600AEB322 /* Debug */ = {
			isa = XCBuildConfiguration;
			buildSettings = {
				ASSETCATALOG_COMPILER_APPICON_NAME = AppIcon;
				CODE_SIGN_STYLE = Automatic;
				INFOPLIST_FILE = CADisplaylinkDemo/Info.plist;
				LD_RUNPATH_SEARCH_PATHS = "$(inherited) @executable_path/Frameworks";
				PRODUCT_BUNDLE_IDENTIFIER = com.sseen.CADisplaylinkDemo;
				PRODUCT_NAME = "$(TARGET_NAME)";
				SWIFT_VERSION = 4.0;
				TARGETED_DEVICE_FAMILY = "1,2";
			};
			name = Debug;
		};
		92DBA0E61FAD729600AEB322 /* Release */ = {
			isa = XCBuildConfiguration;
			buildSettings = {
				ASSETCATALOG_COMPILER_APPICON_NAME = AppIcon;
				CODE_SIGN_STYLE = Automatic;
				INFOPLIST_FILE = CADisplaylinkDemo/Info.plist;
				LD_RUNPATH_SEARCH_PATHS = "$(inherited) @executable_path/Frameworks";
				PRODUCT_BUNDLE_IDENTIFIER = com.sseen.CADisplaylinkDemo;
				PRODUCT_NAME = "$(TARGET_NAME)";
				SWIFT_VERSION = 4.0;
				TARGETED_DEVICE_FAMILY = "1,2";
			};
			name = Release;
		};
/* End XCBuildConfiguration section */

/* Begin XCConfigurationList section */
		92DBA0CD1FAD729600AEB322 /* Build configuration list for PBXProject "CADisplaylinkDemo" */ = {
			isa = XCConfigurationList;
			buildConfigurations = (
				92DBA0E21FAD729600AEB322 /* Debug */,
				92DBA0E31FAD729600AEB322 /* Release */,
			);
			defaultConfigurationIsVisible = 0;
			defaultConfigurationName = Release;
		};
		92DBA0E41FAD729600AEB322 /* Build configuration list for PBXNativeTarget "CADisplaylinkDemo" */ = {
			isa = XCConfigurationList;
			buildConfigurations = (
				92DBA0E51FAD729600AEB322 /* Debug */,
				92DBA0E61FAD729600AEB322 /* Release */,
			);
			defaultConfigurationIsVisible = 0;
			defaultConfigurationName = Release;
		};
/* End XCConfigurationList section */
	};
	rootObject = 92DBA0CA1FAD729600AEB322 /* Project object */;
}
